
Microsoft Visual Studio Solution File, Format Version 12.00
# Visual Studio Version 16
VisualStudioVersion = 16.0.29503.13
MinimumVisualStudioVersion = 10.0.40219.1
Project("{FAE04EC0-301F-11D3-BF4B-00C04F79EFBC}") = "Homework №6", "Homework №6\Homework №6.csproj", "{2D9848AC-F0E1-400C-9834-0F5BEEF86275}"
EndProject
Global
	GlobalSection(SolutionConfigurationPlatforms) = preSolution
		Debug|Any CPU = Debug|Any CPU
		Release|Any CPU = Release|Any CPU
	EndGlobalSection
	GlobalSection(ProjectConfigurationPlatforms) = postSolution
		{2D9848AC-F0E1-400C-9834-0F5BEEF86275}.Debug|Any CPU.ActiveCfg = Debug|Any CPU
		{2D9848AC-F0E1-400C-9834-0F5BEEF86275}.Debug|Any CPU.Build.0 = Debug|Any CPU
		{2D9848AC-F0E1-400C-9834-0F5BEEF86275}.Release|Any CPU.ActiveCfg = Release|Any CPU
		{2D9848AC-F0E1-400C-9834-0F5BEEF86275}.Release|Any CPU.Build.0 = Release|Any CPU
	EndGlobalSection
	GlobalSection(SolutionProperties) = preSolution
		HideSolutionNode = FALSE
	EndGlobalSection
	GlobalSection(ExtensibilityGlobals) = postSolution
		SolutionGuid = {6976D0FC-4032-4D26-AC6A-7D6D2DC06A22}
	EndGlobalSection
EndGlobal
